
Microsoft Visual Studio Solution File, Format Version 12.00
# Visual Studio Version 16
VisualStudioVersion = 16.0.31613.86
MinimumVisualStudioVersion = 10.0.40219.1
Project("{FAE04EC0-301F-11D3-BF4B-00C04F79EFBC}") = "DemoQLNH", "DemoQLNH\DemoQLNH.csproj", "{04062859-9669-419F-B27B-B03294641C04}"
EndProject
Global
	GlobalSection(SolutionConfigurationPlatforms) = preSolution
		Debug|Any CPU = Debug|Any CPU
		Release|Any CPU = Release|Any CPU
	EndGlobalSection
	GlobalSection(ProjectConfigurationPlatforms) = postSolution
		{04062859-9669-419F-B27B-B03294641C04}.Debug|Any CPU.ActiveCfg = Debug|Any CPU
		{04062859-9669-419F-B27B-B03294641C04}.Debug|Any CPU.Build.0 = Debug|Any CPU
		{04062859-9669-419F-B27B-B03294641C04}.Release|Any CPU.ActiveCfg = Release|Any CPU
		{04062859-9669-419F-B27B-B03294641C04}.Release|Any CPU.Build.0 = Release|Any CPU
	EndGlobalSection
	GlobalSection(SolutionProperties) = preSolution
		HideSolutionNode = FALSE
	EndGlobalSection
	GlobalSection(ExtensibilityGlobals) = postSolution
		SolutionGuid = {23D0D4FB-206A-496A-AD0B-5B946FF1A29E}
	EndGlobalSection
EndGlobal
